
Microsoft Visual Studio Solution File, Format Version 12.00
# Visual Studio 15
VisualStudioVersion = 15.0.28307.168
MinimumVisualStudioVersion = 10.0.40219.1
Project("{FAE04EC0-301F-11D3-BF4B-00C04F79EFBC}") = "BargioRedirection", "BargioRedirection\BargioRedirection.csproj", "{65E67124-B476-4927-9D7F-23D48D3A0377}"
EndProject
Global
	GlobalSection(SolutionConfigurationPlatforms) = preSolution
		Debug|Any CPU = Debug|Any CPU
		Release|Any CPU = Release|Any CPU
	EndGlobalSection
	GlobalSection(ProjectConfigurationPlatforms) = postSolution
		{65E67124-B476-4927-9D7F-23D48D3A0377}.Debug|Any CPU.ActiveCfg = Debug|Any CPU
		{65E67124-B476-4927-9D7F-23D48D3A0377}.Debug|Any CPU.Build.0 = Debug|Any CPU
		{65E67124-B476-4927-9D7F-23D48D3A0377}.Release|Any CPU.ActiveCfg = Release|Any CPU
		{65E67124-B476-4927-9D7F-23D48D3A0377}.Release|Any CPU.Build.0 = Release|Any CPU
	EndGlobalSection
	GlobalSection(SolutionProperties) = preSolution
		HideSolutionNode = FALSE
	EndGlobalSection
	GlobalSection(ExtensibilityGlobals) = postSolution
		SolutionGuid = {7B4DAE68-3132-4C2B-9CAD-2CD4CA618AB2}
	EndGlobalSection
EndGlobal
